
Microsoft Visual Studio Solution File, Format Version 12.00
# Visual Studio 15
VisualStudioVersion = 15.0.26020.0
MinimumVisualStudioVersion = 10.0.40219.1
Project("{FAE04EC0-301F-11D3-BF4B-00C04F79EFBC}") = "REST", "REST\REST.csproj", "{AEE68B90-FFCF-4ADC-A1D0-F8BA4E976B9F}"
EndProject
Global
	GlobalSection(SolutionConfigurationPlatforms) = preSolution
		Debug|Any CPU = Debug|Any CPU
		Release|Any CPU = Release|Any CPU
	EndGlobalSection
	GlobalSection(ProjectConfigurationPlatforms) = postSolution
		{AEE68B90-FFCF-4ADC-A1D0-F8BA4E976B9F}.Debug|Any CPU.ActiveCfg = Debug|Any CPU
		{AEE68B90-FFCF-4ADC-A1D0-F8BA4E976B9F}.Debug|Any CPU.Build.0 = Debug|Any CPU
		{AEE68B90-FFCF-4ADC-A1D0-F8BA4E976B9F}.Release|Any CPU.ActiveCfg = Release|Any CPU
		{AEE68B90-FFCF-4ADC-A1D0-F8BA4E976B9F}.Release|Any CPU.Build.0 = Release|Any CPU
	EndGlobalSection
	GlobalSection(SolutionProperties) = preSolution
		HideSolutionNode = FALSE
	EndGlobalSection
EndGlobal
